# THIS IS AN AUTOGENERATED FILE. DO NOT EDIT THIS FILE DIRECTLY.
# yarn lockfile v1


nan@^2.14.0:
  version "2.14.0"
  resolved "https://registry.yarnpkg.com/nan/-/nan-2.14.0.tgz#7818f722027b2459a86f0295d434d1fc2336c52c"
  integrity sha512-INOFj37C7k3AfaNTtX8RhsTw7qRy7eLET14cROi9+5HAVbbHuIWUHEauBv5qT4Av2tWasiTY1Jw6puUNqRJXQg==

tree-sitter-cli@^0.15.9:
  version "0.15.9"
  resolved "https://registry.yarnpkg.com/tree-sitter-cli/-/tree-sitter-cli-0.15.9.tgz#3e9509282f1a589172cf8a59e92350f7c6b5ae88"
  integrity sha512-jqeuo78srjRgYu4QjoPfLiYxBKSUGiv3/pZEaZZT2bB1fTQzaBS9mVtQvgAYTOC/fwY/K894Hb/LHqshmdopKw==
